
Microsoft Visual Studio Solution File, Format Version 12.00
# Visual Studio Version 17
VisualStudioVersion = 17.0.31710.8
MinimumVisualStudioVersion = 10.0.40219.1
Project("{9A19103F-16F7-4668-BE54-9A1E7A4F7556}") = "ZombieHandler", "ZombieHandler\ZombieHandler.csproj", "{605C37D5-2A8C-4EAF-A2A8-428577252C44}"
EndProject
Project("{FAE04EC0-301F-11D3-BF4B-00C04F79EFBC}") = "Locking", "Locking\Locking.csproj", "{995C0CA6-ED8F-4F49-8307-EC036A32EB42}"
EndProject
Global
	GlobalSection(SolutionConfigurationPlatforms) = preSolution
		Debug|Any CPU = Debug|Any CPU
		Release|Any CPU = Release|Any CPU
	EndGlobalSection
	GlobalSection(ProjectConfigurationPlatforms) = postSolution
		{605C37D5-2A8C-4EAF-A2A8-428577252C44}.Debug|Any CPU.ActiveCfg = Debug|Any CPU
		{605C37D5-2A8C-4EAF-A2A8-428577252C44}.Debug|Any CPU.Build.0 = Debug|Any CPU
		{605C37D5-2A8C-4EAF-A2A8-428577252C44}.Release|Any CPU.ActiveCfg = Release|Any CPU
		{605C37D5-2A8C-4EAF-A2A8-428577252C44}.Release|Any CPU.Build.0 = Release|Any CPU
		{995C0CA6-ED8F-4F49-8307-EC036A32EB42}.Debug|Any CPU.ActiveCfg = Debug|Any CPU
		{995C0CA6-ED8F-4F49-8307-EC036A32EB42}.Debug|Any CPU.Build.0 = Debug|Any CPU
		{995C0CA6-ED8F-4F49-8307-EC036A32EB42}.Release|Any CPU.ActiveCfg = Release|Any CPU
		{995C0CA6-ED8F-4F49-8307-EC036A32EB42}.Release|Any CPU.Build.0 = Release|Any CPU
	EndGlobalSection
	GlobalSection(SolutionProperties) = preSolution
		HideSolutionNode = FALSE
	EndGlobalSection
	GlobalSection(ExtensibilityGlobals) = postSolution
		SolutionGuid = {8C6DAB62-024B-45A2-A8B1-25E15DBF3F59}
	EndGlobalSection
EndGlobal
